
Microsoft Visual Studio Solution File, Format Version 12.00
# Visual Studio 15
VisualStudioVersion = 15.0.28307.168
MinimumVisualStudioVersion = 10.0.40219.1
Project("{FAE04EC0-301F-11D3-BF4B-00C04F79EFBC}") = "ProgrammingChallenge", "ProgrammingChallenge\ProgrammingChallenge.csproj", "{FC86204C-DBE3-4A3C-9BB8-7B3DB62F8AC4}"
EndProject
Global
	GlobalSection(SolutionConfigurationPlatforms) = preSolution
		Debug|Any CPU = Debug|Any CPU
		Release|Any CPU = Release|Any CPU
	EndGlobalSection
	GlobalSection(ProjectConfigurationPlatforms) = postSolution
		{FC86204C-DBE3-4A3C-9BB8-7B3DB62F8AC4}.Debug|Any CPU.ActiveCfg = Debug|Any CPU
		{FC86204C-DBE3-4A3C-9BB8-7B3DB62F8AC4}.Debug|Any CPU.Build.0 = Debug|Any CPU
		{FC86204C-DBE3-4A3C-9BB8-7B3DB62F8AC4}.Release|Any CPU.ActiveCfg = Release|Any CPU
		{FC86204C-DBE3-4A3C-9BB8-7B3DB62F8AC4}.Release|Any CPU.Build.0 = Release|Any CPU
	EndGlobalSection
	GlobalSection(SolutionProperties) = preSolution
		HideSolutionNode = FALSE
	EndGlobalSection
	GlobalSection(ExtensibilityGlobals) = postSolution
		SolutionGuid = {1A2D3328-D478-4D3C-A16A-B0CEF0801E4B}
	EndGlobalSection
EndGlobal
